
Microsoft Visual Studio Solution File, Format Version 12.00
# Visual Studio Version 17
VisualStudioVersion = 17.4.33213.308
MinimumVisualStudioVersion = 10.0.40219.1
Project("{FAE04EC0-301F-11D3-BF4B-00C04F79EFBC}") = "BlogDataLibrary", "BlogDataLibrary\BlogDataLibrary.csproj", "{B8479C5E-4BD5-4DCC-A83A-5E792D567BB4}"
EndProject
Project("{00D1A9C2-B5F0-4AF3-8072-F6C62B433612}") = "NittaBlogDB", "NittaBlogDB\NittaBlogDB.sqlproj", "{CE604BB1-BD69-4B8F-8AF3-54E95005E6DF}"
EndProject
Project("{FAE04EC0-301F-11D3-BF4B-00C04F79EFBC}") = "BlogTestUI", "BlogTestUI\BlogTestUI.csproj", "{7402A588-0D8C-484B-91A4-7F98F8464EDF}"
EndProject
Global
	GlobalSection(SolutionConfigurationPlatforms) = preSolution
		Debug|Any CPU = Debug|Any CPU
		Release|Any CPU = Release|Any CPU
	EndGlobalSection
	GlobalSection(ProjectConfigurationPlatforms) = postSolution
		{B8479C5E-4BD5-4DCC-A83A-5E792D567BB4}.Debug|Any CPU.ActiveCfg = Debug|Any CPU
		{B8479C5E-4BD5-4DCC-A83A-5E792D567BB4}.Debug|Any CPU.Build.0 = Debug|Any CPU
		{B8479C5E-4BD5-4DCC-A83A-5E792D567BB4}.Release|Any CPU.ActiveCfg = Release|Any CPU
		{B8479C5E-4BD5-4DCC-A83A-5E792D567BB4}.Release|Any CPU.Build.0 = Release|Any CPU
		{CE604BB1-BD69-4B8F-8AF3-54E95005E6DF}.Debug|Any CPU.ActiveCfg = Debug|Any CPU
		{CE604BB1-BD69-4B8F-8AF3-54E95005E6DF}.Debug|Any CPU.Build.0 = Debug|Any CPU
		{CE604BB1-BD69-4B8F-8AF3-54E95005E6DF}.Debug|Any CPU.Deploy.0 = Debug|Any CPU
		{CE604BB1-BD69-4B8F-8AF3-54E95005E6DF}.Release|Any CPU.ActiveCfg = Release|Any CPU
		{CE604BB1-BD69-4B8F-8AF3-54E95005E6DF}.Release|Any CPU.Build.0 = Release|Any CPU
		{CE604BB1-BD69-4B8F-8AF3-54E95005E6DF}.Release|Any CPU.Deploy.0 = Release|Any CPU
		{7402A588-0D8C-484B-91A4-7F98F8464EDF}.Debug|Any CPU.ActiveCfg = Debug|Any CPU
		{7402A588-0D8C-484B-91A4-7F98F8464EDF}.Debug|Any CPU.Build.0 = Debug|Any CPU
		{7402A588-0D8C-484B-91A4-7F98F8464EDF}.Release|Any CPU.ActiveCfg = Release|Any CPU
		{7402A588-0D8C-484B-91A4-7F98F8464EDF}.Release|Any CPU.Build.0 = Release|Any CPU
	EndGlobalSection
	GlobalSection(SolutionProperties) = preSolution
		HideSolutionNode = FALSE
	EndGlobalSection
	GlobalSection(ExtensibilityGlobals) = postSolution
		SolutionGuid = {FF624265-226C-4F56-94CA-B64CF5DE1BC1}
	EndGlobalSection
EndGlobal
